
Microsoft Visual Studio Solution File, Format Version 12.00
# Visual Studio 15
VisualStudioVersion = 15.0.26124.0
MinimumVisualStudioVersion = 15.0.26124.0
Project("{2150E333-8FDC-42A3-9474-1A3956D46DE8}") = "src", "src", "{970D902E-2AA7-4CE0-847C-AA8B6E4DB859}"
EndProject
Project("{2150E333-8FDC-42A3-9474-1A3956D46DE8}") = "1 - Application", "1 - Application", "{1F213E6F-AE8C-4397-8954-559138F7FDD4}"
EndProject
Project("{FAE04EC0-301F-11D3-BF4B-00C04F79EFBC}") = "Industria.Application", "src\1 - Application\Industria.Application\Industria.Application.csproj", "{C44E0944-6A6B-49A1-9596-4B6F88C2730C}"
EndProject
Project("{2150E333-8FDC-42A3-9474-1A3956D46DE8}") = "2 - Domain", "2 - Domain", "{64A6880C-196E-4E7C-8596-EB376833479E}"
EndProject
Project("{FAE04EC0-301F-11D3-BF4B-00C04F79EFBC}") = "Industria.Domain", "src\2 - Domain\Industria.Domain\Industria.Domain.csproj", "{11D7D464-1D68-41EF-8A8B-FE4A8D7C5F84}"
EndProject
Project("{2150E333-8FDC-42A3-9474-1A3956D46DE8}") = "3 - Service", "3 - Service", "{E650F1A1-E411-46F6-9CC4-89A8C4842E7E}"
EndProject
Project("{FAE04EC0-301F-11D3-BF4B-00C04F79EFBC}") = "Industria.Service", "src\3 - Service\Industria.Service\Industria.Service.csproj", "{056987CE-EEFE-442C-9006-B4A7A076A330}"
EndProject
Project("{2150E333-8FDC-42A3-9474-1A3956D46DE8}") = "4 - Infra", "4 - Infra", "{C8874D54-1F7C-4DDE-A585-961D04469BF3}"
EndProject
Project("{2150E333-8FDC-42A3-9474-1A3956D46DE8}") = "4.1 - Data", "4.1 - Data", "{07AA9E09-6C16-433B-A9C3-A9FB44F5FC8A}"
EndProject
Project("{FAE04EC0-301F-11D3-BF4B-00C04F79EFBC}") = "Industria.Data", "src\4 - Infra\4.1 - Data\Industria.Data\Industria.Data.csproj", "{08D663F4-7993-4563-BA93-5318FE1D80D2}"
EndProject
Project("{2150E333-8FDC-42A3-9474-1A3956D46DE8}") = "4.2 - CrossCutting", "4.2 - CrossCutting", "{F31591A2-9C39-47D1-809B-EEA6EC8436AF}"
EndProject
Project("{FAE04EC0-301F-11D3-BF4B-00C04F79EFBC}") = "Industria.CrossCutting", "src\4 - Infra\4.2 - CrossCutting\Industria.CrossCutting\Industria.CrossCutting.csproj", "{322054A1-7535-4895-97D7-61C52200C35C}"
EndProject
Global
	GlobalSection(SolutionConfigurationPlatforms) = preSolution
		Debug|Any CPU = Debug|Any CPU
		Debug|x64 = Debug|x64
		Debug|x86 = Debug|x86
		Release|Any CPU = Release|Any CPU
		Release|x64 = Release|x64
		Release|x86 = Release|x86
	EndGlobalSection
	GlobalSection(SolutionProperties) = preSolution
		HideSolutionNode = FALSE
	EndGlobalSection
	GlobalSection(ProjectConfigurationPlatforms) = postSolution
		{C44E0944-6A6B-49A1-9596-4B6F88C2730C}.Debug|Any CPU.ActiveCfg = Debug|Any CPU
		{C44E0944-6A6B-49A1-9596-4B6F88C2730C}.Debug|Any CPU.Build.0 = Debug|Any CPU
		{C44E0944-6A6B-49A1-9596-4B6F88C2730C}.Debug|x64.ActiveCfg = Debug|Any CPU
		{C44E0944-6A6B-49A1-9596-4B6F88C2730C}.Debug|x64.Build.0 = Debug|Any CPU
		{C44E0944-6A6B-49A1-9596-4B6F88C2730C}.Debug|x86.ActiveCfg = Debug|Any CPU
		{C44E0944-6A6B-49A1-9596-4B6F88C2730C}.Debug|x86.Build.0 = Debug|Any CPU
		{C44E0944-6A6B-49A1-9596-4B6F88C2730C}.Release|Any CPU.ActiveCfg = Release|Any CPU
		{C44E0944-6A6B-49A1-9596-4B6F88C2730C}.Release|Any CPU.Build.0 = Release|Any CPU
		{C44E0944-6A6B-49A1-9596-4B6F88C2730C}.Release|x64.ActiveCfg = Release|Any CPU
		{C44E0944-6A6B-49A1-9596-4B6F88C2730C}.Release|x64.Build.0 = Release|Any CPU
		{C44E0944-6A6B-49A1-9596-4B6F88C2730C}.Release|x86.ActiveCfg = Release|Any CPU
		{C44E0944-6A6B-49A1-9596-4B6F88C2730C}.Release|x86.Build.0 = Release|Any CPU
		{11D7D464-1D68-41EF-8A8B-FE4A8D7C5F84}.Debug|Any CPU.ActiveCfg = Debug|Any CPU
		{11D7D464-1D68-41EF-8A8B-FE4A8D7C5F84}.Debug|Any CPU.Build.0 = Debug|Any CPU
		{11D7D464-1D68-41EF-8A8B-FE4A8D7C5F84}.Debug|x64.ActiveCfg = Debug|Any CPU
		{11D7D464-1D68-41EF-8A8B-FE4A8D7C5F84}.Debug|x64.Build.0 = Debug|Any CPU
		{11D7D464-1D68-41EF-8A8B-FE4A8D7C5F84}.Debug|x86.ActiveCfg = Debug|Any CPU
		{11D7D464-1D68-41EF-8A8B-FE4A8D7C5F84}.Debug|x86.Build.0 = Debug|Any CPU
		{11D7D464-1D68-41EF-8A8B-FE4A8D7C5F84}.Release|Any CPU.ActiveCfg = Release|Any CPU
		{11D7D464-1D68-41EF-8A8B-FE4A8D7C5F84}.Release|Any CPU.Build.0 = Release|Any CPU
		{11D7D464-1D68-41EF-8A8B-FE4A8D7C5F84}.Release|x64.ActiveCfg = Release|Any CPU
		{11D7D464-1D68-41EF-8A8B-FE4A8D7C5F84}.Release|x64.Build.0 = Release|Any CPU
		{11D7D464-1D68-41EF-8A8B-FE4A8D7C5F84}.Release|x86.ActiveCfg = Release|Any CPU
		{11D7D464-1D68-41EF-8A8B-FE4A8D7C5F84}.Release|x86.Build.0 = Release|Any CPU
		{056987CE-EEFE-442C-9006-B4A7A076A330}.Debug|Any CPU.ActiveCfg = Debug|Any CPU
		{056987CE-EEFE-442C-9006-B4A7A076A330}.Debug|Any CPU.Build.0 = Debug|Any CPU
		{056987CE-EEFE-442C-9006-B4A7A076A330}.Debug|x64.ActiveCfg = Debug|Any CPU
		{056987CE-EEFE-442C-9006-B4A7A076A330}.Debug|x64.Build.0 = Debug|Any CPU
		{056987CE-EEFE-442C-9006-B4A7A076A330}.Debug|x86.ActiveCfg = Debug|Any CPU
		{056987CE-EEFE-442C-9006-B4A7A076A330}.Debug|x86.Build.0 = Debug|Any CPU
		{056987CE-EEFE-442C-9006-B4A7A076A330}.Release|Any CPU.ActiveCfg = Release|Any CPU
		{056987CE-EEFE-442C-9006-B4A7A076A330}.Release|Any CPU.Build.0 = Release|Any CPU
		{056987CE-EEFE-442C-9006-B4A7A076A330}.Release|x64.ActiveCfg = Release|Any CPU
		{056987CE-EEFE-442C-9006-B4A7A076A330}.Release|x64.Build.0 = Release|Any CPU
		{056987CE-EEFE-442C-9006-B4A7A076A330}.Release|x86.ActiveCfg = Release|Any CPU
		{056987CE-EEFE-442C-9006-B4A7A076A330}.Release|x86.Build.0 = Release|Any CPU
		{08D663F4-7993-4563-BA93-5318FE1D80D2}.Debug|Any CPU.ActiveCfg = Debug|Any CPU
		{08D663F4-7993-4563-BA93-5318FE1D80D2}.Debug|Any CPU.Build.0 = Debug|Any CPU
		{08D663F4-7993-4563-BA93-5318FE1D80D2}.Debug|x64.ActiveCfg = Debug|Any CPU
		{08D663F4-7993-4563-BA93-5318FE1D80D2}.Debug|x64.Build.0 = Debug|Any CPU
		{08D663F4-7993-4563-BA93-5318FE1D80D2}.Debug|x86.ActiveCfg = Debug|Any CPU
		{08D663F4-7993-4563-BA93-5318FE1D80D2}.Debug|x86.Build.0 = Debug|Any CPU
		{08D663F4-7993-4563-BA93-5318FE1D80D2}.Release|Any CPU.ActiveCfg = Release|Any CPU
		{08D663F4-7993-4563-BA93-5318FE1D80D2}.Release|Any CPU.Build.0 = Release|Any CPU
		{08D663F4-7993-4563-BA93-5318FE1D80D2}.Release|x64.ActiveCfg = Release|Any CPU
		{08D663F4-7993-4563-BA93-5318FE1D80D2}.Release|x64.Build.0 = Release|Any CPU
		{08D663F4-7993-4563-BA93-5318FE1D80D2}.Release|x86.ActiveCfg = Release|Any CPU
		{08D663F4-7993-4563-BA93-5318FE1D80D2}.Release|x86.Build.0 = Release|Any CPU
		{322054A1-7535-4895-97D7-61C52200C35C}.Debug|Any CPU.ActiveCfg = Debug|Any CPU
		{322054A1-7535-4895-97D7-61C52200C35C}.Debug|Any CPU.Build.0 = Debug|Any CPU
		{322054A1-7535-4895-97D7-61C52200C35C}.Debug|x64.ActiveCfg = Debug|Any CPU
		{322054A1-7535-4895-97D7-61C52200C35C}.Debug|x64.Build.0 = Debug|Any CPU
		{322054A1-7535-4895-97D7-61C52200C35C}.Debug|x86.ActiveCfg = Debug|Any CPU
		{322054A1-7535-4895-97D7-61C52200C35C}.Debug|x86.Build.0 = Debug|Any CPU
		{322054A1-7535-4895-97D7-61C52200C35C}.Release|Any CPU.ActiveCfg = Release|Any CPU
		{322054A1-7535-4895-97D7-61C52200C35C}.Release|Any CPU.Build.0 = Release|Any CPU
		{322054A1-7535-4895-97D7-61C52200C35C}.Release|x64.ActiveCfg = Release|Any CPU
		{322054A1-7535-4895-97D7-61C52200C35C}.Release|x64.Build.0 = Release|Any CPU
		{322054A1-7535-4895-97D7-61C52200C35C}.Release|x86.ActiveCfg = Release|Any CPU
		{322054A1-7535-4895-97D7-61C52200C35C}.Release|x86.Build.0 = Release|Any CPU
	EndGlobalSection
	GlobalSection(NestedProjects) = preSolution
		{1F213E6F-AE8C-4397-8954-559138F7FDD4} = {970D902E-2AA7-4CE0-847C-AA8B6E4DB859}
		{C44E0944-6A6B-49A1-9596-4B6F88C2730C} = {1F213E6F-AE8C-4397-8954-559138F7FDD4}
		{64A6880C-196E-4E7C-8596-EB376833479E} = {970D902E-2AA7-4CE0-847C-AA8B6E4DB859}
		{11D7D464-1D68-41EF-8A8B-FE4A8D7C5F84} = {64A6880C-196E-4E7C-8596-EB376833479E}
		{E650F1A1-E411-46F6-9CC4-89A8C4842E7E} = {970D902E-2AA7-4CE0-847C-AA8B6E4DB859}
		{056987CE-EEFE-442C-9006-B4A7A076A330} = {E650F1A1-E411-46F6-9CC4-89A8C4842E7E}
		{C8874D54-1F7C-4DDE-A585-961D04469BF3} = {970D902E-2AA7-4CE0-847C-AA8B6E4DB859}
		{07AA9E09-6C16-433B-A9C3-A9FB44F5FC8A} = {C8874D54-1F7C-4DDE-A585-961D04469BF3}
		{08D663F4-7993-4563-BA93-5318FE1D80D2} = {07AA9E09-6C16-433B-A9C3-A9FB44F5FC8A}
		{F31591A2-9C39-47D1-809B-EEA6EC8436AF} = {C8874D54-1F7C-4DDE-A585-961D04469BF3}
		{322054A1-7535-4895-97D7-61C52200C35C} = {F31591A2-9C39-47D1-809B-EEA6EC8436AF}
	EndGlobalSection
EndGlobal
